
Microsoft Visual Studio Solution File, Format Version 12.00
# Visual Studio Version 16
VisualStudioVersion = 16.0.31229.75
MinimumVisualStudioVersion = 10.0.40219.1
Project("{FAE04EC0-301F-11D3-BF4B-00C04F79EFBC}") = "Assistente", "Assistente\Assistente.csproj", "{FC5806B3-CE4C-4936-BD51-A6637DC5F254}"
EndProject
Global
	GlobalSection(SolutionConfigurationPlatforms) = preSolution
		Debug|Any CPU = Debug|Any CPU
		Release|Any CPU = Release|Any CPU
	EndGlobalSection
	GlobalSection(ProjectConfigurationPlatforms) = postSolution
		{FC5806B3-CE4C-4936-BD51-A6637DC5F254}.Debug|Any CPU.ActiveCfg = Debug|Any CPU
		{FC5806B3-CE4C-4936-BD51-A6637DC5F254}.Debug|Any CPU.Build.0 = Debug|Any CPU
		{FC5806B3-CE4C-4936-BD51-A6637DC5F254}.Release|Any CPU.ActiveCfg = Release|Any CPU
		{FC5806B3-CE4C-4936-BD51-A6637DC5F254}.Release|Any CPU.Build.0 = Release|Any CPU
	EndGlobalSection
	GlobalSection(SolutionProperties) = preSolution
		HideSolutionNode = FALSE
	EndGlobalSection
	GlobalSection(ExtensibilityGlobals) = postSolution
		SolutionGuid = {D61AA3D9-A334-4B32-BD74-D4E4A79AB886}
	EndGlobalSection
EndGlobal
